// !$*UTF8*$!
{
	archiveVersion = 1;
	classes = {
	};
	objectVersion = 50;
	objects = {

/* Begin PBXBuildFile section */
		D01077EE25D2BA0700EBF809 /* AppDelegate.swift in Sources */ = {isa = PBXBuildFile; fileRef = D01077ED25D2BA0700EBF809 /* AppDelegate.swift */; };
		D01077F025D2BA0700EBF809 /* SceneDelegate.swift in Sources */ = {isa = PBXBuildFile; fileRef = D01077EF25D2BA0700EBF809 /* SceneDelegate.swift */; };
		D01077F225D2BA0700EBF809 /* ViewController.swift in Sources */ = {isa = PBXBuildFile; fileRef = D01077F125D2BA0700EBF809 /* ViewController.swift */; };
		D01077F525D2BA0700EBF809 /* Main.storyboard in Resources */ = {isa = PBXBuildFile; fileRef = D01077F325D2BA0700EBF809 /* Main.storyboard */; };
		D01077F825D2BA0700EBF809 /* MultiPass.xcdatamodeld in Sources */ = {isa = PBXBuildFile; fileRef = D01077F625D2BA0700EBF809 /* MultiPass.xcdatamodeld */; };
		D01077FA25D2BA0900EBF809 /* Assets.xcassets in Resources */ = {isa = PBXBuildFile; fileRef = D01077F925D2BA0900EBF809 /* Assets.xcassets */; };
		D01077FD25D2BA0900EBF809 /* LaunchScreen.storyboard in Resources */ = {isa = PBXBuildFile; fileRef = D01077FB25D2BA0900EBF809 /* LaunchScreen.storyboard */; };
		D010780825D2BA0A00EBF809 /* MultiPassTests.swift in Sources */ = {isa = PBXBuildFile; fileRef = D010780725D2BA0A00EBF809 /* MultiPassTests.swift */; };
		D010781325D2BA0A00EBF809 /* MultiPassUITests.swift in Sources */ = {isa = PBXBuildFile; fileRef = D010781225D2BA0A00EBF809 /* MultiPassUITests.swift */; };
/* End PBXBuildFile section */

/* Begin PBXContainerItemProxy section */
		D010780425D2BA0A00EBF809 /* PBXContainerItemProxy */ = {
			isa = PBXContainerItemProxy;
			containerPortal = D01077E225D2BA0700EBF809 /* Project object */;
			proxyType = 1;
			remoteGlobalIDString = D01077E925D2BA0700EBF809;
			remoteInfo = MultiPass;
		};
		D010780F25D2BA0A00EBF809 /* PBXContainerItemProxy */ = {
			isa = PBXContainerItemProxy;
			containerPortal = D01077E225D2BA0700EBF809 /* Project object */;
			proxyType = 1;
			remoteGlobalIDString = D01077E925D2BA0700EBF809;
			remoteInfo = MultiPass;
		};
/* End PBXContainerItemProxy section */

/* Begin PBXFileReference section */
		D01077EA25D2BA0700EBF809 /* MultiPass.app */ = {isa = PBXFileReference; explicitFileType = wrapper.application; includeInIndex = 0; path = MultiPass.app; sourceTree = BUILT_PRODUCTS_DIR; };
		D01077ED25D2BA0700EBF809 /* AppDelegate.swift */ = {isa = PBXFileReference; lastKnownFileType = sourcecode.swift; path = AppDelegate.swift; sourceTree = "<group>"; };
		D01077EF25D2BA0700EBF809 /* SceneDelegate.swift */ = {isa = PBXFileReference; lastKnownFileType = sourcecode.swift; path = SceneDelegate.swift; sourceTree = "<group>"; };
		D01077F125D2BA0700EBF809 /* ViewController.swift */ = {isa = PBXFileReference; lastKnownFileType = sourcecode.swift; path = ViewController.swift; sourceTree = "<group>"; };
		D01077F425D2BA0700EBF809 /* Base */ = {isa = PBXFileReference; lastKnownFileType = file.storyboard; name = Base; path = Base.lproj/Main.storyboard; sourceTree = "<group>"; };
		D01077F725D2BA0700EBF809 /* MultiPass.xcdatamodel */ = {isa = PBXFileReference; lastKnownFileType = wrapper.xcdatamodel; path = MultiPass.xcdatamodel; sourceTree = "<group>"; };
		D01077F925D2BA0900EBF809 /* Assets.xcassets */ = {isa = PBXFileReference; lastKnownFileType = folder.assetcatalog; path = Assets.xcassets; sourceTree = "<group>"; };
		D01077FC25D2BA0900EBF809 /* Base */ = {isa = PBXFileReference; lastKnownFileType = file.storyboard; name = Base; path = Base.lproj/LaunchScreen.storyboard; sourceTree = "<group>"; };
		D01077FE25D2BA0900EBF809 /* Info.plist */ = {isa = PBXFileReference; lastKnownFileType = text.plist.xml; path = Info.plist; sourceTree = "<group>"; };
		D010780325D2BA0A00EBF809 /* MultiPassTests.xctest */ = {isa = PBXFileReference; explicitFileType = wrapper.cfbundle; includeInIndex = 0; path = MultiPassTests.xctest; sourceTree = BUILT_PRODUCTS_DIR; };
		D010780725D2BA0A00EBF809 /* MultiPassTests.swift */ = {isa = PBXFileReference; lastKnownFileType = sourcecode.swift; path = MultiPassTests.swift; sourceTree = "<group>"; };
		D010780925D2BA0A00EBF809 /* Info.plist */ = {isa = PBXFileReference; lastKnownFileType = text.plist.xml; path = Info.plist; sourceTree = "<group>"; };
		D010780E25D2BA0A00EBF809 /* MultiPassUITests.xctest */ = {isa = PBXFileReference; explicitFileType = wrapper.cfbundle; includeInIndex = 0; path = MultiPassUITests.xctest; sourceTree = BUILT_PRODUCTS_DIR; };
		D010781225D2BA0A00EBF809 /* MultiPassUITests.swift */ = {isa = PBXFileReference; lastKnownFileType = sourcecode.swift; path = MultiPassUITests.swift; sourceTree = "<group>"; };
		D010781425D2BA0A00EBF809 /* Info.plist */ = {isa = PBXFileReference; lastKnownFileType = text.plist.xml; path = Info.plist; sourceTree = "<group>"; };
/* End PBXFileReference section */

/* Begin PBXFrameworksBuildPhase section */
		D01077E725D2BA0700EBF809 /* Frameworks */ = {
			isa = PBXFrameworksBuildPhase;
			buildActionMask = 2147483647;
			files = (
			);
			runOnlyForDeploymentPostprocessing = 0;
		};
		D010780025D2BA0A00EBF809 /* Frameworks */ = {
			isa = PBXFrameworksBuildPhase;
			buildActionMask = 2147483647;
			files = (
			);
			runOnlyForDeploymentPostprocessing = 0;
		};
		D010780B25D2BA0A00EBF809 /* Frameworks */ = {
			isa = PBXFrameworksBuildPhase;
			buildActionMask = 2147483647;
			files = (
			);
			runOnlyForDeploymentPostprocessing = 0;
		};
/* End PBXFrameworksBuildPhase section */

/* Begin PBXGroup section */
		D01077E125D2BA0700EBF809 = {
			isa = PBXGroup;
			children = (
				D01077EC25D2BA0700EBF809 /* MultiPass */,
				D010780625D2BA0A00EBF809 /* MultiPassTests */,
				D010781125D2BA0A00EBF809 /* MultiPassUITests */,
				D01077EB25D2BA0700EBF809 /* Products */,
			);
			sourceTree = "<group>";
		};
		D01077EB25D2BA0700EBF809 /* Products */ = {
			isa = PBXGroup;
			children = (
				D01077EA25D2BA0700EBF809 /* MultiPass.app */,
				D010780325D2BA0A00EBF809 /* MultiPassTests.xctest */,
				D010780E25D2BA0A00EBF809 /* MultiPassUITests.xctest */,
			);
			name = Products;
			sourceTree = "<group>";
		};
		D01077EC25D2BA0700EBF809 /* MultiPass */ = {
			isa = PBXGroup;
			children = (
				D01077ED25D2BA0700EBF809 /* AppDelegate.swift */,
				D01077EF25D2BA0700EBF809 /* SceneDelegate.swift */,
				D01077F125D2BA0700EBF809 /* ViewController.swift */,
				D01077F325D2BA0700EBF809 /* Main.storyboard */,
				D01077F925D2BA0900EBF809 /* Assets.xcassets */,
				D01077FB25D2BA0900EBF809 /* LaunchScreen.storyboard */,
				D01077FE25D2BA0900EBF809 /* Info.plist */,
				D01077F625D2BA0700EBF809 /* MultiPass.xcdatamodeld */,
			);
			path = MultiPass;
			sourceTree = "<group>";
		};
		D010780625D2BA0A00EBF809 /* MultiPassTests */ = {
			isa = PBXGroup;
			children = (
				D010780725D2BA0A00EBF809 /* MultiPassTests.swift */,
				D010780925D2BA0A00EBF809 /* Info.plist */,
			);
			path = MultiPassTests;
			sourceTree = "<group>";
		};
		D010781125D2BA0A00EBF809 /* MultiPassUITests */ = {
			isa = PBXGroup;
			children = (
				D010781225D2BA0A00EBF809 /* MultiPassUITests.swift */,
				D010781425D2BA0A00EBF809 /* Info.plist */,
			);
			path = MultiPassUITests;
			sourceTree = "<group>";
		};
/* End PBXGroup section */

/* Begin PBXNativeTarget section */
		D01077E925D2BA0700EBF809 /* MultiPass */ = {
			isa = PBXNativeTarget;
			buildConfigurationList = D010781725D2BA0A00EBF809 /* Build configuration list for PBXNativeTarget "MultiPass" */;
			buildPhases = (
				D01077E625D2BA0700EBF809 /* Sources */,
				D01077E725D2BA0700EBF809 /* Frameworks */,
				D01077E825D2BA0700EBF809 /* Resources */,
			);
			buildRules = (
			);
			dependencies = (
			);
			name = MultiPass;
			productName = MultiPass;
			productReference = D01077EA25D2BA0700EBF809 /* MultiPass.app */;
			productType = "com.apple.product-type.application";
		};
		D010780225D2BA0A00EBF809 /* MultiPassTests */ = {
			isa = PBXNativeTarget;
			buildConfigurationList = D010781A25D2BA0A00EBF809 /* Build configuration list for PBXNativeTarget "MultiPassTests" */;
			buildPhases = (
				D01077FF25D2BA0A00EBF809 /* Sources */,
				D010780025D2BA0A00EBF809 /* Frameworks */,
				D010780125D2BA0A00EBF809 /* Resources */,
			);
			buildRules = (
			);
			dependencies = (
				D010780525D2BA0A00EBF809 /* PBXTargetDependency */,
			);
			name = MultiPassTests;
			productName = MultiPassTests;
			productReference = D010780325D2BA0A00EBF809 /* MultiPassTests.xctest */;
			productType = "com.apple.product-type.bundle.unit-test";
		};
		D010780D25D2BA0A00EBF809 /* MultiPassUITests */ = {
			isa = PBXNativeTarget;
			buildConfigurationList = D010781D25D2BA0A00EBF809 /* Build configuration list for PBXNativeTarget "MultiPassUITests" */;
			buildPhases = (
				D010780A25D2BA0A00EBF809 /* Sources */,
				D010780B25D2BA0A00EBF809 /* Frameworks */,
				D010780C25D2BA0A00EBF809 /* Resources */,
			);
			buildRules = (
			);
			dependencies = (
				D010781025D2BA0A00EBF809 /* PBXTargetDependency */,
			);
			name = MultiPassUITests;
			productName = MultiPassUITests;
			productReference = D010780E25D2BA0A00EBF809 /* MultiPassUITests.xctest */;
			productType = "com.apple.product-type.bundle.ui-testing";
		};
/* End PBXNativeTarget section */

/* Begin PBXProject section */
		D01077E225D2BA0700EBF809 /* Project object */ = {
			isa = PBXProject;
			attributes = {
				LastSwiftUpdateCheck = 1240;
				LastUpgradeCheck = 1240;
				TargetAttributes = {
					D01077E925D2BA0700EBF809 = {
						CreatedOnToolsVersion = 12.4;
					};
					D010780225D2BA0A00EBF809 = {
						CreatedOnToolsVersion = 12.4;
						TestTargetID = D01077E925D2BA0700EBF809;
					};
					D010780D25D2BA0A00EBF809 = {
						CreatedOnToolsVersion = 12.4;
						TestTargetID = D01077E925D2BA0700EBF809;
					};
				};
			};
			buildConfigurationList = D01077E525D2BA0700EBF809 /* Build configuration list for PBXProject "MultiPass" */;
			compatibilityVersion = "Xcode 9.3";
			developmentRegion = en;
			hasScannedForEncodings = 0;
			knownRegions = (
				en,
				Base,
			);
			mainGroup = D01077E125D2BA0700EBF809;
			productRefGroup = D01077EB25D2BA0700EBF809 /* Products */;
			projectDirPath = "";
			projectRoot = "";
			targets = (
				D01077E925D2BA0700EBF809 /* MultiPass */,
				D010780225D2BA0A00EBF809 /* MultiPassTests */,
				D010780D25D2BA0A00EBF809 /* MultiPassUITests */,
			);
		};
/* End PBXProject section */

/* Begin PBXResourcesBuildPhase section */
		D01077E825D2BA0700EBF809 /* Resources */ = {
			isa = PBXResourcesBuildPhase;
			buildActionMask = 2147483647;
			files = (
				D01077FD25D2BA0900EBF809 /* LaunchScreen.storyboard in Resources */,
				D01077FA25D2BA0900EBF809 /* Assets.xcassets in Resources */,
				D01077F525D2BA0700EBF809 /* Main.storyboard in Resources */,
			);
			runOnlyForDeploymentPostprocessing = 0;
		};
		D010780125D2BA0A00EBF809 /* Resources */ = {
			isa = PBXResourcesBuildPhase;
			buildActionMask = 2147483647;
			files = (
			);
			runOnlyForDeploymentPostprocessing = 0;
		};
		D010780C25D2BA0A00EBF809 /* Resources */ = {
			isa = PBXResourcesBuildPhase;
			buildActionMask = 2147483647;
			files = (
			);
			runOnlyForDeploymentPostprocessing = 0;
		};
/* End PBXResourcesBuildPhase section */

/* Begin PBXSourcesBuildPhase section */
		D01077E625D2BA0700EBF809 /* Sources */ = {
			isa = PBXSourcesBuildPhase;
			buildActionMask = 2147483647;
			files = (
				D01077F825D2BA0700EBF809 /* MultiPass.xcdatamodeld in Sources */,
				D01077F225D2BA0700EBF809 /* ViewController.swift in Sources */,
				D01077EE25D2BA0700EBF809 /* AppDelegate.swift in Sources */,
				D01077F025D2BA0700EBF809 /* SceneDelegate.swift in Sources */,
			);
			runOnlyForDeploymentPostprocessing = 0;
		};
		D01077FF25D2BA0A00EBF809 /* Sources */ = {
			isa = PBXSourcesBuildPhase;
			buildActionMask = 2147483647;
			files = (
				D010780825D2BA0A00EBF809 /* MultiPassTests.swift in Sources */,
			);
			runOnlyForDeploymentPostprocessing = 0;
		};
		D010780A25D2BA0A00EBF809 /* Sources */ = {
			isa = PBXSourcesBuildPhase;
			buildActionMask = 2147483647;
			files = (
				D010781325D2BA0A00EBF809 /* MultiPassUITests.swift in Sources */,
			);
			runOnlyForDeploymentPostprocessing = 0;
		};
/* End PBXSourcesBuildPhase section */

/* Begin PBXTargetDependency section */
		D010780525D2BA0A00EBF809 /* PBXTargetDependency */ = {
			isa = PBXTargetDependency;
			target = D01077E925D2BA0700EBF809 /* MultiPass */;
			targetProxy = D010780425D2BA0A00EBF809 /* PBXContainerItemProxy */;
		};
		D010781025D2BA0A00EBF809 /* PBXTargetDependency */ = {
			isa = PBXTargetDependency;
			target = D01077E925D2BA0700EBF809 /* MultiPass */;
			targetProxy = D010780F25D2BA0A00EBF809 /* PBXContainerItemProxy */;
		};
/* End PBXTargetDependency section */

/* Begin PBXVariantGroup section */
		D01077F325D2BA0700EBF809 /* Main.storyboard */ = {
			isa = PBXVariantGroup;
			children = (
				D01077F425D2BA0700EBF809 /* Base */,
			);
			name = Main.storyboard;
			sourceTree = "<group>";
		};
		D01077FB25D2BA0900EBF809 /* LaunchScreen.storyboard */ = {
			isa = PBXVariantGroup;
			children = (
				D01077FC25D2BA0900EBF809 /* Base */,
			);
			name = LaunchScreen.storyboard;
			sourceTree = "<group>";
		};
/* End PBXVariantGroup section */

/* Begin XCBuildConfiguration section */
		D010781525D2BA0A00EBF809 /* Debug */ = {
			isa = XCBuildConfiguration;
			buildSettings = {
				ALWAYS_SEARCH_USER_PATHS = NO;
				CLANG_ANALYZER_NONNULL = YES;
				CLANG_ANALYZER_NUMBER_OBJECT_CONVERSION = YES_AGGRESSIVE;
				CLANG_CXX_LANGUAGE_STANDARD = "gnu++14";
				CLANG_CXX_LIBRARY = "libc++";
				CLANG_ENABLE_MODULES = YES;
				CLANG_ENABLE_OBJC_ARC = YES;
				CLANG_ENABLE_OBJC_WEAK = YES;
				CLANG_WARN_BLOCK_CAPTURE_AUTORELEASING = YES;
				CLANG_WARN_BOOL_CONVERSION = YES;
				CLANG_WARN_COMMA = YES;
				CLANG_WARN_CONSTANT_CONVERSION = YES;
				CLANG_WARN_DEPRECATED_OBJC_IMPLEMENTATIONS = YES;
				CLANG_WARN_DIRECT_OBJC_ISA_USAGE = YES_ERROR;
				CLANG_WARN_DOCUMENTATION_COMMENTS = YES;
				CLANG_WARN_EMPTY_BODY = YES;
				CLANG_WARN_ENUM_CONVERSION = YES;
				CLANG_WARN_INFINITE_RECURSION = YES;
				CLANG_WARN_INT_CONVERSION = YES;
				CLANG_WARN_NON_LITERAL_NULL_CONVERSION = YES;
				CLANG_WARN_OBJC_IMPLICIT_RETAIN_SELF = YES;
				CLANG_WARN_OBJC_LITERAL_CONVERSION = YES;
				CLANG_WARN_OBJC_ROOT_CLASS = YES_ERROR;
				CLANG_WARN_QUOTED_INCLUDE_IN_FRAMEWORK_HEADER = YES;
				CLANG_WARN_RANGE_LOOP_ANALYSIS = YES;
				CLANG_WARN_STRICT_PROTOTYPES = YES;
				CLANG_WARN_SUSPICIOUS_MOVE = YES;
				CLANG_WARN_UNGUARDED_AVAILABILITY = YES_AGGRESSIVE;
				CLANG_WARN_UNREACHABLE_CODE = YES;
				CLANG_WARN__DUPLICATE_METHOD_MATCH = YES;
				COPY_PHASE_STRIP = NO;
				DEBUG_INFORMATION_FORMAT = dwarf;
				ENABLE_STRICT_OBJC_MSGSEND = YES;
				ENABLE_TESTABILITY = YES;
				GCC_C_LANGUAGE_STANDARD = gnu11;
				GCC_DYNAMIC_NO_PIC = NO;
				GCC_NO_COMMON_BLOCKS = YES;
				GCC_OPTIMIZATION_LEVEL = 0;
				GCC_PREPROCESSOR_DEFINITIONS = (
					"DEBUG=1",
					"$(inherited)",
				);
				GCC_WARN_64_TO_32_BIT_CONVERSION = YES;
				GCC_WARN_ABOUT_RETURN_TYPE = YES_ERROR;
				GCC_WARN_UNDECLARED_SELECTOR = YES;
				GCC_WARN_UNINITIALIZED_AUTOS = YES_AGGRESSIVE;
				GCC_WARN_UNUSED_FUNCTION = YES;
				GCC_WARN_UNUSED_VARIABLE = YES;
				IPHONEOS_DEPLOYMENT_TARGET = 14.4;
				MTL_ENABLE_DEBUG_INFO = INCLUDE_SOURCE;
				MTL_FAST_MATH = YES;
				ONLY_ACTIVE_ARCH = YES;
				SDKROOT = iphoneos;
				SWIFT_ACTIVE_COMPILATION_CONDITIONS = DEBUG;
				SWIFT_OPTIMIZATION_LEVEL = "-Onone";
			};
			name = Debug;
		};
		D010781625D2BA0A00EBF809 /* Release */ = {
			isa = XCBuildConfiguration;
			buildSettings = {
				ALWAYS_SEARCH_USER_PATHS = NO;
				CLANG_ANALYZER_NONNULL = YES;
				CLANG_ANALYZER_NUMBER_OBJECT_CONVERSION = YES_AGGRESSIVE;
				CLANG_CXX_LANGUAGE_STANDARD = "gnu++14";
				CLANG_CXX_LIBRARY = "libc++";
				CLANG_ENABLE_MODULES = YES;
				CLANG_ENABLE_OBJC_ARC = YES;
				CLANG_ENABLE_OBJC_WEAK = YES;
				CLANG_WARN_BLOCK_CAPTURE_AUTORELEASING = YES;
				CLANG_WARN_BOOL_CONVERSION = YES;
				CLANG_WARN_COMMA = YES;
				CLANG_WARN_CONSTANT_CONVERSION = YES;
				CLANG_WARN_DEPRECATED_OBJC_IMPLEMENTATIONS = YES;
				CLANG_WARN_DIRECT_OBJC_ISA_USAGE = YES_ERROR;
				CLANG_WARN_DOCUMENTATION_COMMENTS = YES;
				CLANG_WARN_EMPTY_BODY = YES;
				CLANG_WARN_ENUM_CONVERSION = YES;
				CLANG_WARN_INFINITE_RECURSION = YES;
				CLANG_WARN_INT_CONVERSION = YES;
				CLANG_WARN_NON_LITERAL_NULL_CONVERSION = YES;
				CLANG_WARN_OBJC_IMPLICIT_RETAIN_SELF = YES;
				CLANG_WARN_OBJC_LITERAL_CONVERSION = YES;
				CLANG_WARN_OBJC_ROOT_CLASS = YES_ERROR;
				CLANG_WARN_QUOTED_INCLUDE_IN_FRAMEWORK_HEADER = YES;
				CLANG_WARN_RANGE_LOOP_ANALYSIS = YES;
				CLANG_WARN_STRICT_PROTOTYPES = YES;
				CLANG_WARN_SUSPICIOUS_MOVE = YES;
				CLANG_WARN_UNGUARDED_AVAILABILITY = YES_AGGRESSIVE;
				CLANG_WARN_UNREACHABLE_CODE = YES;
				CLANG_WARN__DUPLICATE_METHOD_MATCH = YES;
				COPY_PHASE_STRIP = NO;
				DEBUG_INFORMATION_FORMAT = "dwarf-with-dsym";
				ENABLE_NS_ASSERTIONS = NO;
				ENABLE_STRICT_OBJC_MSGSEND = YES;
				GCC_C_LANGUAGE_STANDARD = gnu11;
				GCC_NO_COMMON_BLOCKS = YES;
				GCC_WARN_64_TO_32_BIT_CONVERSION = YES;
				GCC_WARN_ABOUT_RETURN_TYPE = YES_ERROR;
				GCC_WARN_UNDECLARED_SELECTOR = YES;
				GCC_WARN_UNINITIALIZED_AUTOS = YES_AGGRESSIVE;
				GCC_WARN_UNUSED_FUNCTION = YES;
				GCC_WARN_UNUSED_VARIABLE = YES;
				IPHONEOS_DEPLOYMENT_TARGET = 14.4;
				MTL_ENABLE_DEBUG_INFO = NO;
				MTL_FAST_MATH = YES;
				SDKROOT = iphoneos;
				SWIFT_COMPILATION_MODE = wholemodule;
				SWIFT_OPTIMIZATION_LEVEL = "-O";
				VALIDATE_PRODUCT = YES;
			};
			name = Release;
		};
		D010781825D2BA0A00EBF809 /* Debug */ = {
			isa = XCBuildConfiguration;
			buildSettings = {
				ASSETCATALOG_COMPILER_APPICON_NAME = AppIcon;
				ASSETCATALOG_COMPILER_GLOBAL_ACCENT_COLOR_NAME = AccentColor;
				CODE_SIGN_STYLE = Automatic;
				DEVELOPMENT_TEAM = J4Q2H4D999;
				INFOPLIST_FILE = MultiPass/Info.plist;
				IPHONEOS_DEPLOYMENT_TARGET = 13.0;
				LD_RUNPATH_SEARCH_PATHS = (
					"$(inherited)",
					"@executable_path/Frameworks",
				);
				PRODUCT_BUNDLE_IDENTIFIER = exelex.MultiPass;
				PRODUCT_NAME = "$(TARGET_NAME)";
				SWIFT_VERSION = 5.0;
				TARGETED_DEVICE_FAMILY = "1,2";
			};
			name = Debug;
		};
		D010781925D2BA0A00EBF809 /* Release */ = {
			isa = XCBuildConfiguration;
			buildSettings = {
				ASSETCATALOG_COMPILER_APPICON_NAME = AppIcon;
				ASSETCATALOG_COMPILER_GLOBAL_ACCENT_COLOR_NAME = AccentColor;
				CODE_SIGN_STYLE = Automatic;
				DEVELOPMENT_TEAM = J4Q2H4D999;
				INFOPLIST_FILE = MultiPass/Info.plist;
				IPHONEOS_DEPLOYMENT_TARGET = 13.0;
				LD_RUNPATH_SEARCH_PATHS = (
					"$(inherited)",
					"@executable_path/Frameworks",
				);
				PRODUCT_BUNDLE_IDENTIFIER = exelex.MultiPass;
				PRODUCT_NAME = "$(TARGET_NAME)";
				SWIFT_VERSION = 5.0;
				TARGETED_DEVICE_FAMILY = "1,2";
			};
			name = Release;
		};
		D010781B25D2BA0A00EBF809 /* Debug */ = {
			isa = XCBuildConfiguration;
			buildSettings = {
				ALWAYS_EMBED_SWIFT_STANDARD_LIBRARIES = YES;
				BUNDLE_LOADER = "$(TEST_HOST)";
				CODE_SIGN_STYLE = Automatic;
				DEVELOPMENT_TEAM = J4Q2H4D999;
				INFOPLIST_FILE = MultiPassTests/Info.plist;
				IPHONEOS_DEPLOYMENT_TARGET = 14.4;
				LD_RUNPATH_SEARCH_PATHS = (
					"$(inherited)",
					"@executable_path/Frameworks",
					"@loader_path/Frameworks",
				);
				PRODUCT_BUNDLE_IDENTIFIER = exelex.MultiPassTests;
				PRODUCT_NAME = "$(TARGET_NAME)";
				SWIFT_VERSION = 5.0;
				TARGETED_DEVICE_FAMILY = "1,2";
				TEST_HOST = "$(BUILT_PRODUCTS_DIR)/MultiPass.app/MultiPass";
			};
			name = Debug;
		};
		D010781C25D2BA0A00EBF809 /* Release */ = {
			isa = XCBuildConfiguration;
			buildSettings = {
				ALWAYS_EMBED_SWIFT_STANDARD_LIBRARIES = YES;
				BUNDLE_LOADER = "$(TEST_HOST)";
				CODE_SIGN_STYLE = Automatic;
				DEVELOPMENT_TEAM = J4Q2H4D999;
				INFOPLIST_FILE = MultiPassTests/Info.plist;
				IPHONEOS_DEPLOYMENT_TARGET = 14.4;
				LD_RUNPATH_SEARCH_PATHS = (
					"$(inherited)",
					"@executable_path/Frameworks",
					"@loader_path/Frameworks",
				);
				PRODUCT_BUNDLE_IDENTIFIER = exelex.MultiPassTests;
				PRODUCT_NAME = "$(TARGET_NAME)";
				SWIFT_VERSION = 5.0;
				TARGETED_DEVICE_FAMILY = "1,2";
				TEST_HOST = "$(BUILT_PRODUCTS_DIR)/MultiPass.app/MultiPass";
			};
			name = Release;
		};
		D010781E25D2BA0A00EBF809 /* Debug */ = {
			isa = XCBuildConfiguration;
			buildSettings = {
				ALWAYS_EMBED_SWIFT_STANDARD_LIBRARIES = YES;
				CODE_SIGN_STYLE = Automatic;
				DEVELOPMENT_TEAM = J4Q2H4D999;
				INFOPLIST_FILE = MultiPassUITests/Info.plist;
				LD_RUNPATH_SEARCH_PATHS = (
					"$(inherited)",
					"@executable_path/Frameworks",
					"@loader_path/Frameworks",
				);
				PRODUCT_BUNDLE_IDENTIFIER = exelex.MultiPassUITests;
				PRODUCT_NAME = "$(TARGET_NAME)";
				SWIFT_VERSION = 5.0;
				TARGETED_DEVICE_FAMILY = "1,2";
				TEST_TARGET_NAME = MultiPass;
			};
			name = Debug;
		};
		D010781F25D2BA0A00EBF809 /* Release */ = {
			isa = XCBuildConfiguration;
			buildSettings = {
				ALWAYS_EMBED_SWIFT_STANDARD_LIBRARIES = YES;
				CODE_SIGN_STYLE = Automatic;
				DEVELOPMENT_TEAM = J4Q2H4D999;
				INFOPLIST_FILE = MultiPassUITests/Info.plist;
				LD_RUNPATH_SEARCH_PATHS = (
					"$(inherited)",
					"@executable_path/Frameworks",
					"@loader_path/Frameworks",
				);
				PRODUCT_BUNDLE_IDENTIFIER = exelex.MultiPassUITests;
				PRODUCT_NAME = "$(TARGET_NAME)";
				SWIFT_VERSION = 5.0;
				TARGETED_DEVICE_FAMILY = "1,2";
				TEST_TARGET_NAME = MultiPass;
			};
			name = Release;
		};
/* End XCBuildConfiguration section */

/* Begin XCConfigurationList section */
		D01077E525D2BA0700EBF809 /* Build configuration list for PBXProject "MultiPass" */ = {
			isa = XCConfigurationList;
			buildConfigurations = (
				D010781525D2BA0A00EBF809 /* Debug */,
				D010781625D2BA0A00EBF809 /* Release */,
			);
			defaultConfigurationIsVisible = 0;
			defaultConfigurationName = Release;
		};
		D010781725D2BA0A00EBF809 /* Build configuration list for PBXNativeTarget "MultiPass" */ = {
			isa = XCConfigurationList;
			buildConfigurations = (
				D010781825D2BA0A00EBF809 /* Debug */,
				D010781925D2BA0A00EBF809 /* Release */,
			);
			defaultConfigurationIsVisible = 0;
			defaultConfigurationName = Release;
		};
		D010781A25D2BA0A00EBF809 /* Build configuration list for PBXNativeTarget "MultiPassTests" */ = {
			isa = XCConfigurationList;
			buildConfigurations = (
				D010781B25D2BA0A00EBF809 /* Debug */,
				D010781C25D2BA0A00EBF809 /* Release */,
			);
			defaultConfigurationIsVisible = 0;
			defaultConfigurationName = Release;
		};
		D010781D25D2BA0A00EBF809 /* Build configuration list for PBXNativeTarget "MultiPassUITests" */ = {
			isa = XCConfigurationList;
			buildConfigurations = (
				D010781E25D2BA0A00EBF809 /* Debug */,
				D010781F25D2BA0A00EBF809 /* Release */,
			);
			defaultConfigurationIsVisible = 0;
			defaultConfigurationName = Release;
		};
/* End XCConfigurationList section */

/* Begin XCVersionGroup section */
		D01077F625D2BA0700EBF809 /* MultiPass.xcdatamodeld */ = {
			isa = XCVersionGroup;
			children = (
				D01077F725D2BA0700EBF809 /* MultiPass.xcdatamodel */,
			);
			currentVersion = D01077F725D2BA0700EBF809 /* MultiPass.xcdatamodel */;
			path = MultiPass.xcdatamodeld;
			sourceTree = "<group>";
			versionGroupType = wrapper.xcdatamodel;
		};
/* End XCVersionGroup section */
	};
	rootObject = D01077E225D2BA0700EBF809 /* Project object */;
}
